
Microsoft Visual Studio Solution File, Format Version 12.00
# Visual Studio Version 16
VisualStudioVersion = 16.0.29609.76
MinimumVisualStudioVersion = 10.0.40219.1
Project("{FAE04EC0-301F-11D3-BF4B-00C04F79EFBC}") = "SignalR.Client", "SignalR.Client\SignalR.Client.csproj", "{30A05DB3-8526-417C-BE43-42F2C8645B3E}"
EndProject
Project("{FAE04EC0-301F-11D3-BF4B-00C04F79EFBC}") = "SignalR.Server", "SignalR.Server\SignalR.Server.csproj", "{29011A34-6364-47BD-8DD8-CDB0E4511C56}"
EndProject
Global
	GlobalSection(SolutionConfigurationPlatforms) = preSolution
		Debug|Any CPU = Debug|Any CPU
		Release|Any CPU = Release|Any CPU
	EndGlobalSection
	GlobalSection(ProjectConfigurationPlatforms) = postSolution
		{30A05DB3-8526-417C-BE43-42F2C8645B3E}.Debug|Any CPU.ActiveCfg = Debug|Any CPU
		{30A05DB3-8526-417C-BE43-42F2C8645B3E}.Debug|Any CPU.Build.0 = Debug|Any CPU
		{30A05DB3-8526-417C-BE43-42F2C8645B3E}.Release|Any CPU.ActiveCfg = Release|Any CPU
		{30A05DB3-8526-417C-BE43-42F2C8645B3E}.Release|Any CPU.Build.0 = Release|Any CPU
		{29011A34-6364-47BD-8DD8-CDB0E4511C56}.Debug|Any CPU.ActiveCfg = Debug|Any CPU
		{29011A34-6364-47BD-8DD8-CDB0E4511C56}.Debug|Any CPU.Build.0 = Debug|Any CPU
		{29011A34-6364-47BD-8DD8-CDB0E4511C56}.Release|Any CPU.ActiveCfg = Release|Any CPU
		{29011A34-6364-47BD-8DD8-CDB0E4511C56}.Release|Any CPU.Build.0 = Release|Any CPU
	EndGlobalSection
	GlobalSection(SolutionProperties) = preSolution
		HideSolutionNode = FALSE
	EndGlobalSection
	GlobalSection(ExtensibilityGlobals) = postSolution
		SolutionGuid = {A6DCDD4C-D486-49B4-88BC-BDF526BE8156}
	EndGlobalSection
EndGlobal
